{
  "originHash" : "545c847eb6df46400e700d503368f4fb040053cd5c26068cc612f6e384cc34ea",
  "pins" : [
    {
      "identity" : "gaiasdk-ios",
      "kind" : "remoteSourceControl",
      "location" : "https://github.com/MimiHearingTechnologies/GaiaSDK-iOS.git",
      "state" : {
        "branch" : "main",
        "revision" : "34c67b52b2a11b7d6a64e7211cffe4573f85c7a8"
      }
    }
  ],
  "version" : 3
}
